{
  "name": "ol-shapes",
  "version": "1.0.0",
  "lockfileVersion": 1,
  "requires": true,
  "dependencies": {
    "@types/openlayers": {
      "version": "4.6.13",
      "resolved": "https://registry.npmjs.org/@types/openlayers/-/openlayers-4.6.13.tgz",
      "integrity": "sha512-TQRD92G9s7RO/xluZ9L/RJvFOMMhNhHsSEV1o468eM2aQsrFcTCqwOetJn7xJtRBJAPMl9YzN2GBlhtZHpENmA=="
    }
  }
}
